
Microsoft Visual Studio Solution File, Format Version 12.00
# Visual Studio Version 16
VisualStudioVersion = 16.0.31911.196
MinimumVisualStudioVersion = 10.0.40219.1
Project("{FAE04EC0-301F-11D3-BF4B-00C04F79EFBC}") = "SacPlanner", "SacPlanner.csproj", "{F466281B-A258-4387-A496-FBD0C593CC4D}"
EndProject
Global
	GlobalSection(SolutionConfigurationPlatforms) = preSolution
		Debug|Any CPU = Debug|Any CPU
		Release|Any CPU = Release|Any CPU
	EndGlobalSection
	GlobalSection(ProjectConfigurationPlatforms) = postSolution
		{F466281B-A258-4387-A496-FBD0C593CC4D}.Debug|Any CPU.ActiveCfg = Debug|Any CPU
		{F466281B-A258-4387-A496-FBD0C593CC4D}.Debug|Any CPU.Build.0 = Debug|Any CPU
		{F466281B-A258-4387-A496-FBD0C593CC4D}.Release|Any CPU.ActiveCfg = Release|Any CPU
		{F466281B-A258-4387-A496-FBD0C593CC4D}.Release|Any CPU.Build.0 = Release|Any CPU
	EndGlobalSection
	GlobalSection(SolutionProperties) = preSolution
		HideSolutionNode = FALSE
	EndGlobalSection
	GlobalSection(ExtensibilityGlobals) = postSolution
		SolutionGuid = {FDB7E161-60F7-4CF9-AA13-7CD759689864}
	EndGlobalSection
EndGlobal
